version = 1
revision = 3
requires-python = ">=3.14"

[[package]]
name = "environs"
version = "15.0.1"
source = { registry = "https://pypi.org/simple" }
dependencies = [
    { name = "marshmallow" },
    { name = "python-dotenv" },
]
sdist = { url = "https://files.pythonhosted.org/packages/c5/f4/0273d36ab287a00866b69d4008e2ed2e479e4bc1eef4f8be2708f30ad15f/environs-15.0.1.tar.gz", hash = "sha256:638106bfb5d8c9a13ee51c23a9f2416baf9a748c8e537fec771102927cd02aa8", size = 36385, upload-time = "2026-04-06T14:15:12.676Z" }
wheels = [
    { url = "https://files.pythonhosted.org/packages/49/fb/11e461eb609792f9f439398eb5f400fb4130ff2b9b59e0ceb346bb830a17/environs-15.0.1-py3-none-any.whl", hash = "sha256:a6aeb3e18d5649a4e74f62984f0d84ec869269cff588a43685272c72b5b8979b", size = 17357, upload-time = "2026-04-06T14:15:11.118Z" },
]

[[package]]
name = "greenlet"
version = "3.5.3"
source = { registry = "https://pypi.org/simple" }
sdist = { url = "https://files.pythonhosted.org/packages/e2/f1/fbbfef6af0bad0548f09bc28948ea3c275b4edb19e17fc5ca9900a6a634d/greenlet-3.5.3.tar.gz", hash = "sha256:a61efc018fd3eb317eeca31aba90ee9e7f26f22884a79b6c6ec715bf71bb62f1", size = 200270, upload-time = "2026-06-26T19:28:24.832Z" }
wheels = [
    { url = "https://files.pythonhosted.org/packages/c3/93/43e116ee114b28737ba7e12952a0d4e2f55944d0f84e42bc91ba7192a3c9/greenlet-3.5.3-cp314-cp314-macosx_11_0_universal2.whl", hash = "sha256:fd2e02fa07485778536a036222d616ab957b1d533f36b3ed98ce725d9c9d3117", size = 288202, upload-time = "2026-06-26T18:23:49.604Z" },
    { url = "https://files.pythonhosted.org/packages/82/2f/146d218299046a43d1f029fd544b3d110d0f175a09c715c7e8da4a4a345d/greenlet-3.5.3-cp314-cp314-manylinux_2_24_aarch64.manylinux_2_28_aarch64.whl", hash = "sha256:df0a0628d1597eb0897b62f55d1343f772405fd25f3b2a796c76874b0c2e22e8", size = 654096, upload-time = "2026-06-26T19:07:12.71Z" },
    { url = "https://files.pythonhosted.org/packages/a0/cc/04738cafb3f45fa991ea44f9de94c47dcec964f5a972300988a6751f49d9/greenlet-3.5.3-cp314-cp314-manylinux_2_24_ppc64le.manylinux_2_28_ppc64le.whl", hash = "sha256:ebd933a6adabc298bab47731a130fe6bfb888bd934eee37810f151159544540d", size = 666304, upload-time = "2026-06-26T19:10:09.503Z" },
    { url = "https://files.pythonhosted.org/packages/ce/aa/4e0dad5e605c270c784ab911c43da6adb136ccd4d81180f763ca429a723d/greenlet-3.5.3-cp314-cp314-manylinux_2_24_x86_64.manylinux_2_28_x86_64.whl", hash = "sha256:4b9d501b40e80b70e32323c799dd9b420a5577a9601469d362ae1ffb690f3a7c", size = 663635, upload-time = "2026-06-26T18:32:20.802Z" },
    { url = "https://files.pythonhosted.org/packages/d1/50/13efdbea246fe3d3b735e191fec08fb50809f53cd2383ebe123d0809e44b/greenlet-3.5.3-cp314-cp314-musllinux_1_2_aarch64.whl", hash = "sha256:a1fad1d11e7d6aab184107baa8e4ece11ccba3ec9599cd7efa5ff4d70d43256a", size = 1621252, upload-time = "2026-06-26T19:09:05.647Z" },
    { url = "https://files.pythonhosted.org/packages/f7/22/c0a336ae4a1410fd5f5121098e5bfbf1865f64c5ef80b4b5412886c4a332/greenlet-3.5.3-cp314-cp314-musllinux_1_2_x86_64.whl", hash = "sha256:fad5aec764399f1b5cc347ad250a59660f20c8f8888ea6bae1f93b769cce1154", size = 1684824, upload-time = "2026-06-26T18:31:47.738Z" },
    { url = "https://files.pythonhosted.org/packages/7a/94/91aec0030bea75c4b3244251d0de60a1f3432d1ecb53ab6c437fb5c3ba61/greenlet-3.5.3-cp314-cp314-win_amd64.whl", hash = "sha256:7669aa24cf2a1041d6f7899575b494a3ab4cf68bfcc8609b1dc0be7272db835e", size = 240754, upload-time = "2026-06-26T18:22:15.669Z" },
    { url = "https://files.pythonhosted.org/packages/e5/06/68d0983e79e02138f64b4d303c500c27ddb48e5e77f3debb80888a921eae/greenlet-3.5.3-cp314-cp314-win_arm64.whl", hash = "sha256:5b4807c4082c9d1b6d9eed56fcd041863e37f2228106eef24c30ca096e238605", size = 239549, upload-time = "2026-06-26T18:22:42.996Z" },
    { url = "https://files.pythonhosted.org/packages/91/95/3e161213d7f1d378d15aa9e792093e9bfe01844680d04b7fd6e0107c9098/greenlet-3.5.3-cp314-cp314t-macosx_11_0_universal2.whl", hash = "sha256:271a8ea7c1024e8a0d7dd2be66dd66dda8a07193f41a17b9e924f7600f5b62be", size = 296389, upload-time = "2026-06-26T18:22:20.657Z" },
    { url = "https://files.pythonhosted.org/packages/00/92/715c44721abe2b4d1ae9abde4179411868a5bff312479f54e105d372f131/greenlet-3.5.3-cp314-cp314t-manylinux_2_24_aarch64.manylinux_2_28_aarch64.whl", hash = "sha256:19131729ae0ddc3c2e1ef85e650169b5e37ee32e400f215f78b94d7b0d567310", size = 653382, upload-time = "2026-06-26T19:07:14.209Z" },
    { url = "https://files.pythonhosted.org/packages/a0/83/37a10372a1090a6624cca8e74c12df1a36c2dc36429ed0255b7fb1aeee23/greenlet-3.5.3-cp314-cp314t-manylinux_2_24_ppc64le.manylinux_2_28_ppc64le.whl", hash = "sha256:1540dd8e5fc2a5aec40fbb98ef8e149fa47c89a4b4a1cf2575a14d3d1869d7a8", size = 659401, upload-time = "2026-06-26T19:10:10.876Z" },
    { url = "https://files.pythonhosted.org/packages/db/e2/d1509cad4207da559cc42986ecdd8fc67ad0d1bba2bf03023c467fd5e0f3/greenlet-3.5.3-cp314-cp314t-manylinux_2_24_x86_64.manylinux_2_28_x86_64.whl", hash = "sha256:e81fa194a1d20967877bdf9c7794db2bc99063e5be36aee710c08f04c5bb087f", size = 656969, upload-time = "2026-06-26T18:32:22.272Z" },
    { url = "https://files.pythonhosted.org/packages/86/7d/eaf70de20aadca3a5884aec58362861c64ce45e7b277f47ed026926a3b89/greenlet-3.5.3-cp314-cp314t-musllinux_1_2_aarch64.whl", hash = "sha256:55cf4d777485d43110e47133cbba6d74a8885a87ec1227ef0267f9ee80c5aa21", size = 1617822, upload-time = "2026-06-26T19:09:06.893Z" },
    { url = "https://files.pythonhosted.org/packages/8a/f9/414d38fc400ae4350d4185eaad1827676f7cf5287b9136e0ed1cbbe20a7f/greenlet-3.5.3-cp314-cp314t-musllinux_1_2_x86_64.whl", hash = "sha256:12a248ba75f6a9a236375f52296c498c89ff1d8badf32deb9eca7abd5853f7da", size = 1677983, upload-time = "2026-06-26T18:31:49.396Z" },
    { url = "https://files.pythonhosted.org/packages/e4/15/7edb977e08f9bff702fe42d6c902702786ff6b9694058b4e6a2a6ac90e57/greenlet-3.5.3-cp314-cp314t-win_amd64.whl", hash = "sha256:efc6bd60ea02e085862c74a3ef64b147ffc6f1a5ea7d9f26e7a939943f68c1e3", size = 243626, upload-time = "2026-06-26T18:24:41.485Z" },
    { url = "https://files.pythonhosted.org/packages/2c/8a/93928dce91e6b3598b5e779e8d1fd6576a504640c58e78627077f6a7a91a/greenlet-3.5.3-cp315-cp315-macosx_11_0_universal2.whl", hash = "sha256:ea03f2f04367845d6b58eeed276e1e56e51f0b97d8ad5a88a7d20a91dc9056cc", size = 288860, upload-time = "2026-06-26T18:22:48.07Z" },
    { url = "https://files.pythonhosted.org/packages/4f/ca/69db42d447a1378043e2c8f19c09cbbd1263371505053c496b49066d3d16/greenlet-3.5.3-cp315-cp315-manylinux_2_24_aarch64.manylinux_2_28_aarch64.whl", hash = "sha256:78dbef602fda6d97d957eb7937f70c9ce9e9527330347f8f6b6f9e554a9e7a47", size = 659747, upload-time = "2026-06-26T19:07:15.565Z" },
    { url = "https://files.pythonhosted.org/packages/a8/0b/af7ac2ef8dd41e3da1a40dda6305c23b9a03e13ba975ec916357b50f8575/greenlet-3.5.3-cp315-cp315-manylinux_2_24_ppc64le.manylinux_2_28_ppc64le.whl", hash = "sha256:6f73857adb8fee13fa56c172bd11262f888c0c648f9fea113e777bb2c7904a81", size = 670419, upload-time = "2026-06-26T19:10:12.293Z" },
    { url = "https://files.pythonhosted.org/packages/51/1e/1d51640cacbfc455dbe9f9a9f594c49e4e244f63b9971a2f4764e46cc53d/greenlet-3.5.3-cp315-cp315-manylinux_2_24_x86_64.manylinux_2_28_x86_64.whl", hash = "sha256:232fec92e823addaf02d9472cf7381e24a1d046a6ced1103c5caa4c21b9dfc1d", size = 668787, upload-time = "2026-06-26T18:32:24.298Z" },
    { url = "https://files.pythonhosted.org/packages/21/66/4030d5b0b5894500023f003bb054d9bb354dfbd1e186c3a296759172f5f5/greenlet-3.5.3-cp315-cp315-musllinux_1_2_aarch64.whl", hash = "sha256:2421c3564da9429d5586d46ca31ebb26516b5498a802cf65c041a8e8a8980d34", size = 1626305, upload-time = "2026-06-26T19:09:08.281Z" },
    { url = "https://files.pythonhosted.org/packages/0e/50/5221371c7550108dfa3c378debc41d032aa9c78e89abb01d8011cfc93289/greenlet-3.5.3-cp315-cp315-musllinux_1_2_x86_64.whl", hash = "sha256:e0f0d160f0b2e558e6c75f7930967183255dc9735e5f5b8cae58ee09c9576d8b", size = 1688631, upload-time = "2026-06-26T18:31:51.278Z" },
    { url = "https://files.pythonhosted.org/packages/68/5d/00d469daae3c65d2bf620b10eee82eb022127d483c6bc8c69fae6f3fbf17/greenlet-3.5.3-cp315-cp315-win_amd64.whl", hash = "sha256:dd99329bbc15ca78dcc583dba05d0b1b0bae01ab6c2174989f5aaee3e41ac930", size = 241027, upload-time = "2026-06-26T18:22:38.203Z" },
    { url = "https://files.pythonhosted.org/packages/e7/e8/883785b44c5780ed71e83d3e4437e710470be17a2e181e8b601e2da0dc4a/greenlet-3.5.3-cp315-cp315-win_arm64.whl", hash = "sha256:499fef2acede88c1864a57bb586b4bf533c81e1b82df7ab93451cdb47dfec227", size = 240085, upload-time = "2026-06-26T18:23:54.217Z" },
    { url = "https://files.pythonhosted.org/packages/1c/da/4f4a8450962fad137c1c8981a3f1b8919d06c829993d4d476f9c525d5173/greenlet-3.5.3-cp315-cp315t-macosx_11_0_universal2.whl", hash = "sha256:176bc16a721fa5fc294d70b87b4dfa5fbdd251b3da5d5372735ecef9bd7d6d0c", size = 297221, upload-time = "2026-06-26T18:23:27.176Z" },
    { url = "https://files.pythonhosted.org/packages/57/66/b3bfae3e220a9b63ea539a0eea681800c69ab1aada757eae8789f183e7ce/greenlet-3.5.3-cp315-cp315t-manylinux_2_24_aarch64.manylinux_2_28_aarch64.whl", hash = "sha256:629b614d2b786e89c50440e246f33eea78f58a962d0bdbbcc809e6d13605903f", size = 657221, upload-time = "2026-06-26T19:07:16.973Z" },
    { url = "https://files.pythonhosted.org/packages/7b/81/b6d4d73a709684fc77e7fa034d7c2fe82cffa9fc920fadcaa659c2626213/greenlet-3.5.3-cp315-cp315t-manylinux_2_24_ppc64le.manylinux_2_28_ppc64le.whl", hash = "sha256:2b2e857ae16f5f72142edf75f9f176fe7526ba19a2841df1420516f83831c9f2", size = 663226, upload-time = "2026-06-26T19:10:13.723Z" },
    { url = "https://files.pythonhosted.org/packages/f5/07/e210b02b589f16e74ff48b730690e4a34ffe984219fce4f3c1a0e7ec8545/greenlet-3.5.3-cp315-cp315t-manylinux_2_24_x86_64.manylinux_2_28_x86_64.whl", hash = "sha256:e515757e2e36bcbf1fad09a46e1557e8b1ae1797d4b44d09da7deed88ad28608", size = 660802, upload-time = "2026-06-26T18:32:26.081Z" },
    { url = "https://files.pythonhosted.org/packages/eb/2e/5303eb3fa06bca089060f479707182a93e360683bc252acf846c3090d34e/greenlet-3.5.3-cp315-cp315t-musllinux_1_2_aarch64.whl", hash = "sha256:b363d46ed1ea431825fdb01471bb024fc08399bad1572a616e853c7684415adb", size = 1622157, upload-time = "2026-06-26T19:09:09.527Z" },
    { url = "https://files.pythonhosted.org/packages/54/70/50de47a488f14df260b50ae34fb5d56016e308b098eab02c878b5223c26a/greenlet-3.5.3-cp315-cp315t-musllinux_1_2_x86_64.whl", hash = "sha256:e44da2f5bbdaabaf7d80b73dbb430c7035771e9f244e3c8b769715c9d8fa0a16", size = 1681159, upload-time = "2026-06-26T18:31:52.986Z" },
    { url = "https://files.pythonhosted.org/packages/a7/13/1055e1dda7882073eda533e2b96c62e55bbd2db7fda6d5ece992febc7071/greenlet-3.5.3-cp315-cp315t-win_amd64.whl", hash = "sha256:8ff8bed3e3baa20a3ea261ce00526f1898ad4801d4886fd2220580ee0ad8fadf", size = 244007, upload-time = "2026-06-26T18:22:04.353Z" },
    { url = "https://files.pythonhosted.org/packages/b4/0d/ca7d15afbdc397e3401134c9e1800d51d12b829661786187a4ad08fe484f/greenlet-3.5.3-cp315-cp315t-win_arm64.whl", hash = "sha256:b7068bd09f761f3f5b4d214c2bed063186b2a86148c740b3873e3f56d79bac31", size = 242586, upload-time = "2026-06-26T18:23:37.93Z" },
]

[[package]]
name = "marshmallow"
version = "4.3.0"
source = { registry = "https://pypi.org/simple" }
sdist = { url = "https://files.pythonhosted.org/packages/25/7e/1dbd4096eb7c148cd2841841916f78820bb85a4d80a0c25c02d30815a7fb/marshmallow-4.3.0.tar.gz", hash = "sha256:fb43c53b3fe240b8f6af37223d6ef1636f927ad9bea8ab323afad95dff090880", size = 224485, upload-time = "2026-04-03T21:46:32.72Z" }
wheels = [
    { url = "https://files.pythonhosted.org/packages/f4/e0/ff24e25218bb59eb6290a530cea40651b14068b6e3659b20f9c175179632/marshmallow-4.3.0-py3-none-any.whl", hash = "sha256:46c4fe6984707e3cbd485dfebbf0a59874f58d695aad05c1668d15e8c6e13b46", size = 49148, upload-time = "2026-04-03T21:46:31.241Z" },
]

[[package]]
name = "olim"
version = "0.1.0"
source = { virtual = "." }
dependencies = [
    { name = "environs" },
    { name = "psycopg", extra = ["binary"] },
    { name = "sqlalchemy" },
]

[package.dev-dependencies]
dev = [
    { name = "prek" },
    { name = "ruff" },
    { name = "ty" },
]

[package.metadata]
requires-dist = [
    { name = "environs", specifier = ">=15.0.1" },
    { name = "psycopg", extras = ["binary"], specifier = ">=3.3.4" },
    { name = "sqlalchemy", specifier = ">=2.0.51" },
]

[package.metadata.requires-dev]
dev = [
    { name = "prek", specifier = ">=0.4.5" },
    { name = "ruff", specifier = ">=0.15.20" },
    { name = "ty", specifier = ">=0.0.55" },
]

[[package]]
name = "prek"
version = "0.4.5"
source = { registry = "https://pypi.org/simple" }
sdist = { url = "https://files.pythonhosted.org/packages/2f/65/23866f43521d31173879aa74bb3a2df50ab7f3f74cdb4eaa31b8f446c7ca/prek-0.4.5.tar.gz", hash = "sha256:2be7bcf839de19a0144ed5a5aadf73bc5899cf6823bb1c58cf1d45ae389c201a", size = 482566, upload-time = "2026-06-15T11:36:48.299Z" }
wheels = [
    { url = "https://files.pythonhosted.org/packages/f4/cb/a9eedf9a35ca6ec72f12af2b4392d7f757bb24863b7b7af4523f939cf3fa/prek-0.4.5-py3-none-linux_armv6l.whl", hash = "sha256:f7517774c72b001573520dc7111156779fd3e5b4452c11f09ff53c71a067e835", size = 5618105, upload-time = "2026-06-15T11:36:21.998Z" },
    { url = "https://files.pythonhosted.org/packages/30/a7/c96c06f17db7da0a57be2be4c229aa00b525bca8001c9c765663b339cbb7/prek-0.4.5-py3-none-macosx_10_12_x86_64.whl", hash = "sha256:aca9fa995536036a0171bcf7a4db96dc0a14f480054eda1d7d1c2e7739650993", size = 5972998, upload-time = "2026-06-15T11:36:41.12Z" },
    { url = "https://files.pythonhosted.org/packages/28/f1/721695355cdaa44be6f091e3a77fb9c72ed60289520f78b2f8c9a7197bdd/prek-0.4.5-py3-none-macosx_11_0_arm64.whl", hash = "sha256:66877ff21ae9d548f0f7e56fab8e65f1500a74a810e7749188c3f35a4a1b911b", size = 5525098, upload-time = "2026-06-15T11:36:30.127Z" },
    { url = "https://files.pythonhosted.org/packages/9b/1b/a334e1bb5361b49adf52b5ac7b6532018940f9f0f253437e8f43c3c1f7f3/prek-0.4.5-py3-none-manylinux_2_17_aarch64.manylinux2014_aarch64.musllinux_1_1_aarch64.whl", hash = "sha256:50697089a86a78d16f087c1912a2f3bc2bea82319a220fac52cc8e3ec9fc0426", size = 5793732, upload-time = "2026-06-15T11:36:35.745Z" },
    { url = "https://files.pythonhosted.org/packages/28/8c/aff94d276e91207a87cedff7cfefdd4aca20444137cca77bf53fffebe77a/prek-0.4.5-py3-none-manylinux_2_17_armv7l.manylinux2014_armv7l.whl", hash = "sha256:590427a42a3c1e5064487a0dc91167ae0c8a52168e77f574758ef9b138fcfd61", size = 5521719, upload-time = "2026-06-15T11:36:39.383Z" },
    { url = "https://files.pythonhosted.org/packages/4f/73/cfb0c5c909442050a8357e26233f7e511ba8e0d2f4b0bdc460065d62beb6/prek-0.4.5-py3-none-manylinux_2_17_i686.manylinux2014_i686.whl", hash = "sha256:1fd98b986767dafdb6b4305b563ee5a3a8f13bd3c78b98d708626815ea9f147f", size = 5922623, upload-time = "2026-06-15T11:36:18.063Z" },
    { url = "https://files.pythonhosted.org/packages/0a/ad/ff9d26551ba80d190bd08c6341176a5d56d4e6de9c2ebf077793d4adbb78/prek-0.4.5-py3-none-manylinux_2_17_s390x.manylinux2014_s390x.whl", hash = "sha256:fccd11613ae92619d1ecda0ab3359ceebeb38898909ec84a8d383733d12158cc", size = 6722071, upload-time = "2026-06-15T11:36:43.086Z" },
    { url = "https://files.pythonhosted.org/packages/d3/43/11d1dfd66c919953fe89ae2fdedd4f413ee923883043816d35982177bb75/prek-0.4.5-py3-none-manylinux_2_17_x86_64.manylinux2014_x86_64.whl", hash = "sha256:14109d37b33e5529db41a3539d4f8f72d295f6eeddede3964994d898b8cec05c", size = 6176454, upload-time = "2026-06-15T11:36:33.803Z" },
    { url = "https://files.pythonhosted.org/packages/d7/d4/9749f25c2e0ee5225f812457b888acef301e0ccce64bebcda2ac1d04abee/prek-0.4.5-py3-none-manylinux_2_28_aarch64.whl", hash = "sha256:40d262418105b2ede9836593a1927fc927cc8093c432e998640964102196996e", size = 5791133, upload-time = "2026-06-15T11:36:23.891Z" },
    { url = "https://files.pythonhosted.org/packages/c7/72/5e0344bab1eacf813a5b1b082cb4c6253930096166dad51c1cccee0a4f83/prek-0.4.5-py3-none-manylinux_2_31_riscv64.whl", hash = "sha256:a586d14c3b852fdee1c3dcd0b9cb0915db9f9d054334b854fd9470bf68edf129", size = 5658098, upload-time = "2026-06-15T11:36:44.862Z" },
    { url = "https://files.pythonhosted.org/packages/be/a5/1f406e0362dd0f18ba09a562d50d7c04a70ac05d350b1ab6fba36ca3e9f0/prek-0.4.5-py3-none-musllinux_1_1_armv7l.whl", hash = "sha256:a8ed0d28f3e7790e4402a9324c386509066df6e67cc587f7406f9a245b97b7e8", size = 5498634, upload-time = "2026-06-15T11:36:31.828Z" },
    { url = "https://files.pythonhosted.org/packages/c7/df/b0cbf0fa527330188390b7b6c8d279cd5e509923262d0a6c5cc44bbdf103/prek-0.4.5-py3-none-musllinux_1_1_i686.whl", hash = "sha256:86f76bd3d2ecf6fd9034d75c62ff4c786eb11d0dd0a1f79bbb4343b023e12769", size = 5784840, upload-time = "2026-06-15T11:36:37.481Z" },
    { url = "https://files.pythonhosted.org/packages/9d/d7/977ee3c622c906677dd94187a00392ce2dd76035486b3a3b1b5a5267dd34/prek-0.4.5-py3-none-musllinux_1_1_x86_64.whl", hash = "sha256:e491a1a4641d91d8b03dcce5588397e76d2a5b432c9b0a6c70475972b4512ab4", size = 6300384, upload-time = "2026-06-15T11:36:27.602Z" },
    { url = "https://files.pythonhosted.org/packages/79/fa/43b1d761381dc1c7eeb8f2235c66e902970d4b2bff2dec0f02836c085769/prek-0.4.5-py3-none-win32.whl", hash = "sha256:7546989b2403c96137bd79d19ebfe21facb87266cefe819db2458c3b9b23f350", size = 5287935, upload-time = "2026-06-15T11:36:20.293Z" },
    { url = "https://files.pythonhosted.org/packages/f5/fe/59b5eb3124f5a4cc255a93857b9ab42402635b273f157e91de23bfa40e8f/prek-0.4.5-py3-none-win_amd64.whl", hash = "sha256:8b2ac9227504371d97338215b344184cb0b31ca94113515a3a90c509c6c5a707", size = 5682560, upload-time = "2026-06-15T11:36:25.865Z" },
    { url = "https://files.pythonhosted.org/packages/97/0e/589ff0eab9034909b1ec8654ee03483797305fb743b3554ce6140d82da9d/prek-0.4.5-py3-none-win_arm64.whl", hash = "sha256:646a86a1a082dbd99fed96314b1064f5644bb34c1f4037a63547a18e2160fb86", size = 5509019, upload-time = "2026-06-15T11:36:46.595Z" },
]

[[package]]
name = "psycopg"
version = "3.3.4"
source = { registry = "https://pypi.org/simple" }
dependencies = [
    { name = "tzdata", marker = "sys_platform == 'win32'" },
]
sdist = { url = "https://files.pythonhosted.org/packages/db/2f/cb91e5502ec9de1de6f1b76cfbf69531932725361168bb06963620c77e2e/psycopg-3.3.4.tar.gz", hash = "sha256:e21207764952cff81b6b8bdacad9a3939f2793367fdac2987b3aac36a651b5bc", size = 165799, upload-time = "2026-05-01T23:31:55.179Z" }
wheels = [
    { url = "https://files.pythonhosted.org/packages/5c/e0/7b3dee031daae7743609ce3c746565d4a3ed7c2c186479eb48e34e838c64/psycopg-3.3.4-py3-none-any.whl", hash = "sha256:b6bbc25ccf05c8fad3b061d9db2ef0909a555171b84b07f29458a447253d679a", size = 213001, upload-time = "2026-05-01T23:20:50.816Z" },
]

[package.optional-dependencies]
binary = [
    { name = "psycopg-binary", marker = "implementation_name != 'pypy'" },
]

[[package]]
name = "psycopg-binary"
version = "3.3.4"
source = { registry = "https://pypi.org/simple" }
wheels = [
    { url = "https://files.pythonhosted.org/packages/48/a6/828c9185701dab71b234c2a76c38a08b098ebfec5020716b4e93807492b5/psycopg_binary-3.3.4-cp314-cp314-macosx_10_15_x86_64.whl", hash = "sha256:28b7398fdd19db3232c884fb24550bdfe951221f510e195e233299e4c9b78f97", size = 4607292, upload-time = "2026-05-01T23:30:38.962Z" },
    { url = "https://files.pythonhosted.org/packages/92/58/5b40dbc9d839045c9dae956960e4fb6d20bcabe6c59a2aa34fc3a371913f/psycopg_binary-3.3.4-cp314-cp314-macosx_11_0_arm64.whl", hash = "sha256:1fbaa292a3c8bb61b45df1ad3da1908ccee7cb889db9425e3557d9e34e2a4829", size = 4687023, upload-time = "2026-05-01T23:30:47.227Z" },
    { url = "https://files.pythonhosted.org/packages/85/a9/793f0ac107a9003b48441d0d1f9f616d96e0f37458dd8dc12528ceff55fb/psycopg_binary-3.3.4-cp314-cp314-manylinux2014_ppc64le.manylinux_2_17_ppc64le.whl", hash = "sha256:94596f9e7633ee3f6440711d43bb70aa31cc0a46a900ab8b4201a366ace5c9e7", size = 5486985, upload-time = "2026-05-01T23:30:55.517Z" },
    { url = "https://files.pythonhosted.org/packages/8f/26/42e8533497e2592334f68ec529cf5f840f7fa4e99575a4bb61aa184dbfbf/psycopg_binary-3.3.4-cp314-cp314-manylinux2014_x86_64.manylinux_2_17_x86_64.whl", hash = "sha256:8c0056529e68dbe9184cd4019a1f3d8f3a4ead2f6fc7a5afcf27d3314edd1277", size = 5168745, upload-time = "2026-05-01T23:31:01.904Z" },
    { url = "https://files.pythonhosted.org/packages/15/af/b7151776cc08d5935d45c833ec818a9beb417cf7c08239af1aafbdae78ee/psycopg_binary-3.3.4-cp314-cp314-manylinux_2_27_aarch64.manylinux_2_28_aarch64.whl", hash = "sha256:2c09aad7051326e7603c14e50636db9c01f78272dc54b3accff03d46370461e6", size = 6761486, upload-time = "2026-05-01T23:31:14.511Z" },
    { url = "https://files.pythonhosted.org/packages/d0/ed/c92533b9124712d592cbf1cd6c76da933a2e0acea81dfe1fbe7e735f0cff/psycopg_binary-3.3.4-cp314-cp314-manylinux_2_38_riscv64.manylinux_2_39_riscv64.whl", hash = "sha256:514404ed543efd620c85602b747df2a23cf1241b4067199e1a66f2d2757aaa41", size = 4997427, upload-time = "2026-05-01T23:31:20.901Z" },
    { url = "https://files.pythonhosted.org/packages/a2/23/ccadfd0de416aa188356daa199453af24087b042e296088706d190ae0295/psycopg_binary-3.3.4-cp314-cp314-musllinux_1_2_aarch64.whl", hash = "sha256:46893c26858be12cc49ca4226ed6a60b4bfccadd946b3bebb783a60b38788228", size = 4533549, upload-time = "2026-05-01T23:31:26.204Z" },
    { url = "https://files.pythonhosted.org/packages/fd/a0/c8f43cee36386f7bc891ab41a9d31ea07cf9826038e732da79f26b1e5f34/psycopg_binary-3.3.4-cp314-cp314-musllinux_1_2_ppc64le.whl", hash = "sha256:df1d567fc430f6df15c9fcf67d87685fc49bdb325adc0db5af1adfb2f44eb5c9", size = 4210256, upload-time = "2026-05-01T23:31:33.884Z" },
    { url = "https://files.pythonhosted.org/packages/4e/2c/c1547871be3790676e8868b38655496422f94f0978dfb66b74bdba2f1676/psycopg_binary-3.3.4-cp314-cp314-musllinux_1_2_riscv64.whl", hash = "sha256:6b9016b1714da4dd5ecaaa75b82098aa5a0b87854ce9b092e21c27c4ae23e014", size = 3946204, upload-time = "2026-05-01T23:31:39.626Z" },
    { url = "https://files.pythonhosted.org/packages/c4/b1/f6670f00fa7ea601584623f6c11602ab92117d83eaff885e0210f6de7418/psycopg_binary-3.3.4-cp314-cp314-musllinux_1_2_x86_64.whl", hash = "sha256:47c656a8a7ba6eb0cff1801a4caaa9c8bdc12d03080e273aff1c8ac39971a77e", size = 4255811, upload-time = "2026-05-01T23:31:44.986Z" },
    { url = "https://files.pythonhosted.org/packages/eb/e6/5fff07a70d1f945ed90ae131c3bd76cab32beff7c58c6db15ad5820b6d1f/psycopg_binary-3.3.4-cp314-cp314-win_amd64.whl", hash = "sha256:c37e024c07308cd06cf3ec51bfd0e7f6157585a4d84d1bce4a7f5f7913719bf8", size = 3666849, upload-time = "2026-05-01T23:31:51.165Z" },
]

[[package]]
name = "python-dotenv"
version = "1.2.2"
source = { registry = "https://pypi.org/simple" }
sdist = { url = "https://files.pythonhosted.org/packages/82/ed/0301aeeac3e5353ef3d94b6ec08bbcabd04a72018415dcb29e588514bba8/python_dotenv-1.2.2.tar.gz", hash = "sha256:2c371a91fbd7ba082c2c1dc1f8bf89ca22564a087c2c287cd9b662adde799cf3", size = 50135, upload-time = "2026-03-01T16:00:26.196Z" }
wheels = [
    { url = "https://files.pythonhosted.org/packages/0b/d7/1959b9648791274998a9c3526f6d0ec8fd2233e4d4acce81bbae76b44b2a/python_dotenv-1.2.2-py3-none-any.whl", hash = "sha256:1d8214789a24de455a8b8bd8ae6fe3c6b69a5e3d64aa8a8e5d68e694bbcb285a", size = 22101, upload-time = "2026-03-01T16:00:25.09Z" },
]

[[package]]
name = "ruff"
version = "0.15.20"
source = { registry = "https://pypi.org/simple" }
sdist = { url = "https://files.pythonhosted.org/packages/43/dc/35b341fc554ba02f217fc10da57d1a75168cfbcf75b0ef2202176d4c4f2d/ruff-0.15.20.tar.gz", hash = "sha256:1416eb04349192646b54de98f146c4f59afe37d0decfc02c3cbbf396f3a28566", size = 4755489, upload-time = "2026-06-25T17:20:37.578Z" }
wheels = [
    { url = "https://files.pythonhosted.org/packages/94/d9/2d5014f0253ba541d2061d9fa7193f48e941c8b21bb88a7ff9bbe0bd0596/ruff-0.15.20-py3-none-linux_armv6l.whl", hash = "sha256:00e188c53e499c3c1637f73c91dcf2fb56d576cab76ce1be50a27c4e80e37078", size = 10839665, upload-time = "2026-06-25T17:19:44.702Z" },
    { url = "https://files.pythonhosted.org/packages/c6/d3/ac1798ba64f670698867fcfc591d50e7e421bef137db564858f619a30fcf/ruff-0.15.20-py3-none-macosx_10_12_x86_64.whl", hash = "sha256:9ebd1fd9b9c95fc0bd7b2761aebec1f030013d2e193a2901b224af68fe47251b", size = 11208649, upload-time = "2026-06-25T17:19:48.787Z" },
    { url = "https://files.pythonhosted.org/packages/47/47/d3ac899991202095dfcf3d5176be4272642be3cf981a2f1a30f72a2afb95/ruff-0.15.20-py3-none-macosx_11_0_arm64.whl", hash = "sha256:c5b16cdd67ca108185cd36dce98c576350c03b1660a751de725fb049193a0632", size = 10622638, upload-time = "2026-06-25T17:19:51.354Z" },
    { url = "https://files.pythonhosted.org/packages/33/13/4e043fe30aa94d4ff5213a9881fc296d12960f5971b234a5263fdc225312/ruff-0.15.20-py3-none-manylinux_2_17_aarch64.manylinux2014_aarch64.whl", hash = "sha256:3413bb3c3d2ca6a8208f1f4809cd2dca3c6de6d0b491c0e70847672bde6e6efd", size = 10984227, upload-time = "2026-06-25T17:19:54.044Z" },
    { url = "https://files.pythonhosted.org/packages/76/e6/92e7bf40388bc5800073b96564f56264f7e48bfd1a498f5ced6ae6d5a769/ruff-0.15.20-py3-none-manylinux_2_17_armv7l.manylinux2014_armv7l.whl", hash = "sha256:bd7ec42b3bb3da066488db093308a69c4ac5ee6d2af333a86ba6e2eb2e7dd44b", size = 10622882, upload-time = "2026-06-25T17:19:57.037Z" },
    { url = "https://files.pythonhosted.org/packages/13/7a/43460be3f24495a3aa46d4b16873e2c4941b3b5f0b00cf88c03b7b94b339/ruff-0.15.20-py3-none-manylinux_2_17_i686.manylinux2014_i686.whl", hash = "sha256:e1a36ad0eb77fba9aabfb69ede54de6f376d04ac18ebea022847046d340a8267", size = 11474808, upload-time = "2026-06-25T17:20:00.357Z" },
    { url = "https://files.pythonhosted.org/packages/27/a0/f37077884873221c6b33b4ab49eb18f9f88e54a16a25a5bca59bef46dd66/ruff-0.15.20-py3-none-manylinux_2_17_ppc64le.manylinux2014_ppc64le.whl", hash = "sha256:b6df3b1e4610432f0386dba04d853b5f08cbbc903410c6fcc02f620f05aff53c", size = 12293094, upload-time = "2026-06-25T17:20:03.446Z" },
    { url = "https://files.pythonhosted.org/packages/a6/74/165545b60256a9704c21ac0ec4a0d07933b320812f9584836c9f4aca4292/ruff-0.15.20-py3-none-manylinux_2_17_s390x.manylinux2014_s390x.whl", hash = "sha256:e89f198a1ea6ef0d727c1cf16088bc91a6cb0ab947dedc966715691647186eae", size = 11526176, upload-time = "2026-06-25T17:20:06.301Z" },
    { url = "https://files.pythonhosted.org/packages/86/b1/a976a136d40ade83ce743578399865f57001003a409acadc0ecbb3051082/ruff-0.15.20-py3-none-manylinux_2_17_x86_64.manylinux2014_x86_64.whl", hash = "sha256:309809086c2acb67624950a3c8133e80f32d0d3e27106c0cd60ff26657c9f24b", size = 11520767, upload-time = "2026-06-25T17:20:09.191Z" },
    { url = "https://files.pythonhosted.org/packages/19/0f/f032696cb01c9b54c0263fa393474d7758f1cdc021a01b04e3cbc2500999/ruff-0.15.20-py3-none-manylinux_2_31_riscv64.whl", hash = "sha256:2d2374caa2f2c2f9e2b7da0a50802cfb8b79f55a9b5e49379f564544fbf56487", size = 11500132, upload-time = "2026-06-25T17:20:13.602Z" },
    { url = "https://files.pythonhosted.org/packages/4b/f4/51b1a14bc69e8c224b15dab9cce8e99b425e0455d462caa2b3c9be2b6a8e/ruff-0.15.20-py3-none-musllinux_1_2_aarch64.whl", hash = "sha256:a1ed17b65293e0c2f22fc387bc13198a5de94bf4429589b0ff6946b0feaf21a3", size = 10943828, upload-time = "2026-06-25T17:20:16.635Z" },
    { url = "https://files.pythonhosted.org/packages/71/4b/fe267640783cd02bf6c5cc290b1df1051be2ec294c678b5c15fe19e52343/ruff-0.15.20-py3-none-musllinux_1_2_armv7l.whl", hash = "sha256:f701305e66b38ea6c91882490eb73459796808e4c6362a1b765255e0cdcd4053", size = 10645418, upload-time = "2026-06-25T17:20:19.4Z" },
    { url = "https://files.pythonhosted.org/packages/b0/c0/a65aa4ec2f5e87a1df32dc3ec1fede434fe3dfd5cbcf3b503cafc676ab54/ruff-0.15.20-py3-none-musllinux_1_2_i686.whl", hash = "sha256:5b9c0c367ad8e5d0d5b5b8537864c469a0a0e55417aadfbeca41fa61333be9f4", size = 11211770, upload-time = "2026-06-25T17:20:22.033Z" },
    { url = "https://files.pythonhosted.org/packages/5a/a4/0caa331d954ae2723d729d351c989cb4ca8b6077d5c6c2cb6de75e98c041/ruff-0.15.20-py3-none-musllinux_1_2_x86_64.whl", hash = "sha256:01cc00dd58f0df339d0e902219dd53990ea99996a0344e5d9cc8d45d5307e460", size = 11618698, upload-time = "2026-06-25T17:20:25.259Z" },
    { url = "https://files.pythonhosted.org/packages/10/9b/5f14927848d2fd4aa891fd88d883788c5a7baba561c7874732364045708c/ruff-0.15.20-py3-none-win32.whl", hash = "sha256:ed65ef510e43a137207e0f01cfcf998aeddb1aeeda5c9d35023e910284d7cf21", size = 10857322, upload-time = "2026-06-25T17:20:28.612Z" },
    { url = "https://files.pythonhosted.org/packages/fa/f0/fe47c501f9dea92a26d788ff98bb5d92ed4cb4c88792c5c88af6b697dc8e/ruff-0.15.20-py3-none-win_amd64.whl", hash = "sha256:a525c81c70fb0380344dd1d8745d8cc1c890b7fc94a58d5a07bd8eb9557b8415", size = 11993274, upload-time = "2026-06-25T17:20:31.871Z" },
    { url = "https://files.pythonhosted.org/packages/d7/2b/9555445e1201d92b3195f45cdb153a0b68f24e0a4273f6e3d5ab46e212bb/ruff-0.15.20-py3-none-win_arm64.whl", hash = "sha256:2f5b2a6d614e8700388806a14996c40fab2c47b819ef57d790a34878858ed9ca", size = 11343498, upload-time = "2026-06-25T17:20:35.03Z" },
]

[[package]]
name = "sqlalchemy"
version = "2.0.51"
source = { registry = "https://pypi.org/simple" }
dependencies = [
    { name = "greenlet", marker = "platform_machine == 'AMD64' or platform_machine == 'WIN32' or platform_machine == 'aarch64' or platform_machine == 'amd64' or platform_machine == 'ppc64le' or platform_machine == 'win32' or platform_machine == 'x86_64'" },
    { name = "typing-extensions" },
]
sdist = { url = "https://files.pythonhosted.org/packages/02/f1/a7a892f18d4d224e6b26f706531eafccc41e37594d37d304786969ee13cb/sqlalchemy-2.0.51.tar.gz", hash = "sha256:804dccd8a4a6242c4e30ad961e540e18a588f6527202f2d6791b01845d59fdc9", size = 9912201, upload-time = "2026-06-15T15:41:20.012Z" }
wheels = [
    { url = "https://files.pythonhosted.org/packages/b1/49/a739be2e1d02a96a658eb71ab45d921c874249252358ad24a5bffdd02525/sqlalchemy-2.0.51-cp314-cp314-macosx_11_0_arm64.whl", hash = "sha256:6ea306caaae6bd5afd0a46050003c88f6bf33227377a49298c498c3cb88ff491", size = 2158999, upload-time = "2026-06-15T16:08:51.759Z" },
    { url = "https://files.pythonhosted.org/packages/23/6b/2e0e38cf75c8780eca78d9b2e78164f8bcfd70125e5caa588ff5cbb9c9f4/sqlalchemy-2.0.51-cp314-cp314-manylinux2014_aarch64.manylinux_2_17_aarch64.manylinux_2_28_aarch64.whl", hash = "sha256:c45a496d6bc05dec41dcd4c3a2b183723f47473255c159cd80b503c8f246424d", size = 3282539, upload-time = "2026-06-15T16:19:51.065Z" },
    { url = "https://files.pythonhosted.org/packages/dd/a1/e77854cb5336fd37dc3c6ae3b71de242c98caac5725120be0b526b31cbd0/sqlalchemy-2.0.51-cp314-cp314-manylinux2014_x86_64.manylinux_2_17_x86_64.manylinux_2_28_x86_64.whl", hash = "sha256:4004ada0aafe8ae1991b2cd1d99c6d9146126e123bd6f883c260d974aa012e54", size = 3287545, upload-time = "2026-06-15T16:26:44.735Z" },
    { url = "https://files.pythonhosted.org/packages/f6/ab/9e17272fd4dac8df3b83c4fbe52b998a1c9d89a843c8c35ff29b74ff7364/sqlalchemy-2.0.51-cp314-cp314-musllinux_1_2_aarch64.whl", hash = "sha256:0f6bcad487aee1c638d707235682fc96f741de00663619881ab235400d03289e", size = 3230929, upload-time = "2026-06-15T16:19:52.625Z" },
    { url = "https://files.pythonhosted.org/packages/02/3c/52f408ea701781caee975606beccc48845f2aee8711ac29843d612c0306c/sqlalchemy-2.0.51-cp314-cp314-musllinux_1_2_x86_64.whl", hash = "sha256:39a76529db6305693d8d4affa58ad5b5e2e18edd62daea628b29b97930b3513d", size = 3252888, upload-time = "2026-06-15T16:26:46.454Z" },
    { url = "https://files.pythonhosted.org/packages/24/16/3efd2ee6bc4ca4693a30a1dd17a91b606cae15d517d2a4746611d9b73ce8/sqlalchemy-2.0.51-cp314-cp314-win32.whl", hash = "sha256:08a204d8b5638717c26a24df18fcf40af45a6b22e35b70b1d62f0113c2e278e8", size = 2120551, upload-time = "2026-06-15T16:23:15.629Z" },
    { url = "https://files.pythonhosted.org/packages/7b/78/55b12e70f45bccc40d9e483925c065027b3b98ea4cbbdf6f8c2546feaf6c/sqlalchemy-2.0.51-cp314-cp314-win_amd64.whl", hash = "sha256:96747bfbadb055466e5b46d572618170046b45ce5a4879167f50d70a5319a499", size = 2146318, upload-time = "2026-06-15T16:23:17.108Z" },
    { url = "https://files.pythonhosted.org/packages/21/db/a9574ed40fed418924b1b1a3e54f47ee3963053b3d3d325a0d36b41f2c08/sqlalchemy-2.0.51-cp314-cp314t-macosx_11_0_arm64.whl", hash = "sha256:e5ea1a213be1fcd5e49d9904c3b9939211ded90bc2a64e93f4c01963474285de", size = 2178920, upload-time = "2026-06-15T15:59:56.285Z" },
    { url = "https://files.pythonhosted.org/packages/bf/90/a1bb5c7cbba76b7bc1fbd586d0a5479a7bc9c27b4a8298f22ec9423b2bb3/sqlalchemy-2.0.51-cp314-cp314t-manylinux2014_aarch64.manylinux_2_17_aarch64.manylinux_2_28_aarch64.whl", hash = "sha256:7c6b36ed71f41942bdcd2ad2522be46bfce09d5705be5640ecf19bbc7660e4b7", size = 3566534, upload-time = "2026-06-15T15:58:35.024Z" },
    { url = "https://files.pythonhosted.org/packages/15/4b/481f1fed30e0e9e8dd24aecbb49f29eb57fe7657ece5cf06ee9b84bb97d8/sqlalchemy-2.0.51-cp314-cp314t-manylinux2014_x86_64.manylinux_2_17_x86_64.manylinux_2_28_x86_64.whl", hash = "sha256:0c2c62877097e1a0db401fba5cb4debee33265e5b2a55c4ccb489c02c53b4f72", size = 3535844, upload-time = "2026-06-15T16:02:43.973Z" },
    { url = "https://files.pythonhosted.org/packages/02/71/0aa64aeda645510af0a43f7d9ee70932f0d1dc4263aed34c50ee891d9df3/sqlalchemy-2.0.51-cp314-cp314t-musllinux_1_2_aarch64.whl", hash = "sha256:0378d055e9e8cd6ce4d8dff683bdd3d7d413533c4ee51d67a2b1e0f9eacc0f23", size = 3475355, upload-time = "2026-06-15T15:58:36.592Z" },
    { url = "https://files.pythonhosted.org/packages/05/db/6061db32316446135a3abae5f308d144ab988a34234726042da3e58b1c63/sqlalchemy-2.0.51-cp314-cp314t-musllinux_1_2_x86_64.whl", hash = "sha256:6e46fc36029eff666391e0531e5387b62ce6c4f1d8e50b3fb3099eaca1b42522", size = 3486591, upload-time = "2026-06-15T16:02:45.346Z" },
    { url = "https://files.pythonhosted.org/packages/0d/c9/f14fdf71bb8957e0c7e39db69bbdf12b5c80f4ef775fdfa127bf4e0d6760/sqlalchemy-2.0.51-cp314-cp314t-win32.whl", hash = "sha256:9161cfc9efce70d1715f47d6ff40f79c6778c00d53be4fbc09d70301e4b83ba7", size = 2151313, upload-time = "2026-06-15T16:03:39.127Z" },
    { url = "https://files.pythonhosted.org/packages/6a/c6/673e618e6f4f297e126d9b56ea2f6478708f6c1af4e3223835c22e2c3697/sqlalchemy-2.0.51-cp314-cp314t-win_amd64.whl", hash = "sha256:159bb6ba32059f57ad7375a8f50d844dd2f19d14954ecf820cd33e20debd46b2", size = 2186280, upload-time = "2026-06-15T16:03:40.569Z" },
    { url = "https://files.pythonhosted.org/packages/e2/22/dbf013a12ec759e54a34a119e9e217435b3f71b2dd5c61a7ade0a25dae87/sqlalchemy-2.0.51-py3-none-any.whl", hash = "sha256:bb024d8b621d0be75f4f44ecc7c950450026e76d66dc8f791bb5331d7fed59d5", size = 1944334, upload-time = "2026-06-15T16:09:22.418Z" },
]

[[package]]
name = "ty"
version = "0.0.55"
source = { registry = "https://pypi.org/simple" }
sdist = { url = "https://files.pythonhosted.org/packages/08/48/f687c8d268e3581f2f104d1f2ac5944d5b5e841b3695c613b3f263e5bbf7/ty-0.0.55.tar.gz", hash = "sha256:88ca87073825a79a8327c550efcc86cec94344890244c5946f84c9e44a969f31", size = 6040230, upload-time = "2026-06-27T00:27:29.385Z" }
wheels = [
    { url = "https://files.pythonhosted.org/packages/87/a3/1a90ba7e5a61c6d09adb92346ddba97668095fc257b577af433e5ac4f404/ty-0.0.55-py3-none-linux_armv6l.whl", hash = "sha256:31e83eef512d066542fe990fe1a3b814423abd1616376c54e48af7045b3e1749", size = 11677249, upload-time = "2026-06-27T00:26:52.18Z" },
    { url = "https://files.pythonhosted.org/packages/82/3a/669f9aa478c38243e213a2684db1502086026cfadc15bb1b29b7cbde030d/ty-0.0.55-py3-none-macosx_10_12_x86_64.whl", hash = "sha256:ab4bca857950608fea73e269e2da369d43e6467131de85160d68e2fa466fa248", size = 11444180, upload-time = "2026-06-27T00:26:54.576Z" },
    { url = "https://files.pythonhosted.org/packages/15/a4/6a4b2507a53ce6530c66c5b4fe0d58551eb1748ffa9e0696c32fdd55bbd4/ty-0.0.55-py3-none-macosx_11_0_arm64.whl", hash = "sha256:55032bfd31bf2c5355ee81bdc6407b144a1cc7ee41e5681dd1368e4cef2ba327", size = 10963134, upload-time = "2026-06-27T00:26:57.348Z" },
    { url = "https://files.pythonhosted.org/packages/ce/ae/a3b1a0f1cc83b7d258662cb98aa80a720c2e671d0e8fa0d17a4d5d057a7a/ty-0.0.55-py3-none-manylinux_2_17_aarch64.manylinux2014_aarch64.whl", hash = "sha256:ef1e049f69ce65b3c269af67624607f435e1c32319786c1e453ef9611502f295", size = 11493517, upload-time = "2026-06-27T00:26:59.26Z" },
    { url = "https://files.pythonhosted.org/packages/0d/9f/311ce39065a979ef40a9b847f685c8e02464e53adf1671e081eea90640ca/ty-0.0.55-py3-none-manylinux_2_17_armv7l.manylinux2014_armv7l.whl", hash = "sha256:631409975c681d5a280fc5a99b7b32e9e801f33be7567c6b42ec331362f59d7d", size = 11460590, upload-time = "2026-06-27T00:27:01.425Z" },
    { url = "https://files.pythonhosted.org/packages/cd/8f/3bf29aa77bd78aae48275153135a2052fa7d3ccdf1ecabeb99c8773abd66/ty-0.0.55-py3-none-manylinux_2_17_i686.manylinux2014_i686.whl", hash = "sha256:e08cb0436e68b9351555ae8f2697138c9009b4d5b4ae4272232988b2a431a98f", size = 12098430, upload-time = "2026-06-27T00:27:03.596Z" },
    { url = "https://files.pythonhosted.org/packages/bc/6e/e88411a88240b94640bba06fb6d0d92b247fbeef47ee2bc71f39e58c2558/ty-0.0.55-py3-none-manylinux_2_17_ppc64le.manylinux2014_ppc64le.whl", hash = "sha256:16c215ad9f823829409b94ee188cfaa4563f6e1384f6ce3fecb1db75f6c7cf7c", size = 12673086, upload-time = "2026-06-27T00:27:05.589Z" },
    { url = "https://files.pythonhosted.org/packages/6c/7e/8f1762fb7f9245a68ba5ae338d73c59403ce57554e5d311b8bb55027b0ec/ty-0.0.55-py3-none-manylinux_2_17_s390x.manylinux2014_s390x.whl", hash = "sha256:b510eb8f4032baf11b7aee2f1d53babc3b4ca03939b9cdcf6a9d15761d575188", size = 12242559, upload-time = "2026-06-27T00:27:07.714Z" },
    { url = "https://files.pythonhosted.org/packages/72/1f/143657daf2670d977dac83435f1fe03d4843efb798d8e1e75950e541aadd/ty-0.0.55-py3-none-manylinux_2_17_x86_64.manylinux2014_x86_64.whl", hash = "sha256:0ddc05e7959709c3b9b83aa627128a80446865e3c1a4882638dcff6d776dc34a", size = 12021409, upload-time = "2026-06-27T00:27:09.881Z" },
    { url = "https://files.pythonhosted.org/packages/6d/30/69487c439dd1fad3a4a3d96f0a472193de297eaba6fc4b8ea687ce434ac2/ty-0.0.55-py3-none-manylinux_2_31_riscv64.whl", hash = "sha256:636e8e5078787b8c6916c94e1406719f10189a4ca6b37b813a5922ce5857a8c7", size = 12303807, upload-time = "2026-06-27T00:27:11.986Z" },
    { url = "https://files.pythonhosted.org/packages/e8/ca/cd88b6493dafc7db077f5e17c0438eb3af6e2d6d08f616dbb52a8ddfd567/ty-0.0.55-py3-none-musllinux_1_2_aarch64.whl", hash = "sha256:ef7d6deaacb73fec603666b5471f1dc5a5699aa84e11a6d4d644dd07ca72121e", size = 11441263, upload-time = "2026-06-27T00:27:14.087Z" },
    { url = "https://files.pythonhosted.org/packages/aa/fe/66b6915671653ab739f71e4f1b0528e69da64429b7ebf3840c625b6e43f2/ty-0.0.55-py3-none-musllinux_1_2_armv7l.whl", hash = "sha256:9aeea0fe5875d3cf37faf0e44d0fdf9669335467749741b8fc0103916fb5cd32", size = 11484584, upload-time = "2026-06-27T00:27:16.311Z" },
    { url = "https://files.pythonhosted.org/packages/4a/4f/7a9c0bbac8b899e9f6c0ec110c6612f52e4db35f6bb17ddc0ef60384fa3e/ty-0.0.55-py3-none-musllinux_1_2_i686.whl", hash = "sha256:0b699c01310dbd2705a07c97c5f4aaeedef61bd9adeea2e7c46aed32401d3576", size = 11759309, upload-time = "2026-06-27T00:27:18.471Z" },
    { url = "https://files.pythonhosted.org/packages/ca/de/b6f8b1b69aa631b5716ef3f985c3b56de0e46c2499cc00d30c402b41f714/ty-0.0.55-py3-none-musllinux_1_2_x86_64.whl", hash = "sha256:32cbeba543e46de2a983ec6d525d8b56514f7422bd1e1b57c44ccf7bfa72c38a", size = 12128755, upload-time = "2026-06-27T00:27:20.55Z" },
    { url = "https://files.pythonhosted.org/packages/7d/90/a912531e51ee7e076b42972479290fa687c0f5e747b7e773f3033164acaa/ty-0.0.55-py3-none-win32.whl", hash = "sha256:52b968e24eb4f7a5c3bd251db1f99f60dd385890356d38fc619d84f1b423446a", size = 11117501, upload-time = "2026-06-27T00:27:22.714Z" },
    { url = "https://files.pythonhosted.org/packages/4c/7a/99d59843bf8908a7f9f4d13fda107dbad07b7faa28ecd7860eacf363fb1c/ty-0.0.55-py3-none-win_amd64.whl", hash = "sha256:bf39cbfdc0add44d94bd3fff1f53c351418d134b6a66b87efdb7876d7b7a2224", size = 12150106, upload-time = "2026-06-27T00:27:24.881Z" },
    { url = "https://files.pythonhosted.org/packages/b3/44/20987505cedf2a865b08482f0eabc181fd9599b062964057ec8a128a4296/ty-0.0.55-py3-none-win_arm64.whl", hash = "sha256:f7f3700a9a060e8f1af11e4fb63fafcaf272b041781f4ccdfda2b3b5c6c1e439", size = 11560157, upload-time = "2026-06-27T00:27:27.332Z" },
]

[[package]]
name = "typing-extensions"
version = "4.15.0"
source = { registry = "https://pypi.org/simple" }
sdist = { url = "https://files.pythonhosted.org/packages/72/94/1a15dd82efb362ac84269196e94cf00f187f7ed21c242792a923cdb1c61f/typing_extensions-4.15.0.tar.gz", hash = "sha256:0cea48d173cc12fa28ecabc3b837ea3cf6f38c6d1136f85cbaaf598984861466", size = 109391, upload-time = "2025-08-25T13:49:26.313Z" }
wheels = [
    { url = "https://files.pythonhosted.org/packages/18/67/36e9267722cc04a6b9f15c7f3441c2363321a3ea07da7ae0c0707beb2a9c/typing_extensions-4.15.0-py3-none-any.whl", hash = "sha256:f0fa19c6845758ab08074a0cfa8b7aecb71c999ca73d62883bc25cc018c4e548", size = 44614, upload-time = "2025-08-25T13:49:24.86Z" },
]

[[package]]
name = "tzdata"
version = "2026.2"
source = { registry = "https://pypi.org/simple" }
sdist = { url = "https://files.pythonhosted.org/packages/ba/19/1b9b0e29f30c6d35cb345486df41110984ea67ae69dddbc0e8a100999493/tzdata-2026.2.tar.gz", hash = "sha256:9173fde7d80d9018e02a662e168e5a2d04f87c41ea174b139fbef642eda62d10", size = 198254, upload-time = "2026-04-24T15:22:08.651Z" }
wheels = [
    { url = "https://files.pythonhosted.org/packages/ce/e4/dccd7f47c4b64213ac01ef921a1337ee6e30e8c6466046018326977efd95/tzdata-2026.2-py2.py3-none-any.whl", hash = "sha256:bbe9af844f658da81a5f95019480da3a89415801f6cc966806612cc7169bffe7", size = 349321, upload-time = "2026-04-24T15:22:05.876Z" },
]
